
Microsoft Visual Studio Solution File, Format Version 12.00
# Visual Studio 15
VisualStudioVersion = 15.0.27428.2002
MinimumVisualStudioVersion = 10.0.40219.1
Project("{FAE04EC0-301F-11D3-BF4B-00C04F79EFBC}") = "OK-consola", "OK-consola\OK-consola.csproj", "{5E8146BA-6A57-412B-B4F2-816D085CA1DD}"
EndProject
Global
	GlobalSection(SolutionConfigurationPlatforms) = preSolution
		Debug|Any CPU = Debug|Any CPU
		Release|Any CPU = Release|Any CPU
	EndGlobalSection
	GlobalSection(ProjectConfigurationPlatforms) = postSolution
		{5E8146BA-6A57-412B-B4F2-816D085CA1DD}.Debug|Any CPU.ActiveCfg = Debug|Any CPU
		{5E8146BA-6A57-412B-B4F2-816D085CA1DD}.Debug|Any CPU.Build.0 = Debug|Any CPU
		{5E8146BA-6A57-412B-B4F2-816D085CA1DD}.Release|Any CPU.ActiveCfg = Release|Any CPU
		{5E8146BA-6A57-412B-B4F2-816D085CA1DD}.Release|Any CPU.Build.0 = Release|Any CPU
	EndGlobalSection
	GlobalSection(SolutionProperties) = preSolution
		HideSolutionNode = FALSE
	EndGlobalSection
	GlobalSection(ExtensibilityGlobals) = postSolution
		SolutionGuid = {24023D41-F10D-4950-9F2B-F9376DDB35EF}
	EndGlobalSection
EndGlobal
